
Microsoft Visual Studio Solution File, Format Version 12.00
# Visual Studio Version 17
VisualStudioVersion = 17.3.32922.545
MinimumVisualStudioVersion = 10.0.40219.1
Project("{FAE04EC0-301F-11D3-BF4B-00C04F79EFBC}") = "ChatApp", "ChatApp\ChatApp.csproj", "{CA8E3900-6D21-4CF6-8B7B-435640F30426}"
EndProject
Project("{9A19103F-16F7-4668-BE54-9A1E7A4F7556}") = "Server", "Server\Server.csproj", "{CF73721C-DFC5-4246-9E32-2B9D96E5D0B9}"
EndProject
Global
	GlobalSection(SolutionConfigurationPlatforms) = preSolution
		Debug|Any CPU = Debug|Any CPU
		Release|Any CPU = Release|Any CPU
	EndGlobalSection
	GlobalSection(ProjectConfigurationPlatforms) = postSolution
		{CA8E3900-6D21-4CF6-8B7B-435640F30426}.Debug|Any CPU.ActiveCfg = Debug|Any CPU
		{CA8E3900-6D21-4CF6-8B7B-435640F30426}.Debug|Any CPU.Build.0 = Debug|Any CPU
		{CA8E3900-6D21-4CF6-8B7B-435640F30426}.Release|Any CPU.ActiveCfg = Release|Any CPU
		{CA8E3900-6D21-4CF6-8B7B-435640F30426}.Release|Any CPU.Build.0 = Release|Any CPU
		{CF73721C-DFC5-4246-9E32-2B9D96E5D0B9}.Debug|Any CPU.ActiveCfg = Debug|Any CPU
		{CF73721C-DFC5-4246-9E32-2B9D96E5D0B9}.Debug|Any CPU.Build.0 = Debug|Any CPU
		{CF73721C-DFC5-4246-9E32-2B9D96E5D0B9}.Release|Any CPU.ActiveCfg = Release|Any CPU
		{CF73721C-DFC5-4246-9E32-2B9D96E5D0B9}.Release|Any CPU.Build.0 = Release|Any CPU
	EndGlobalSection
	GlobalSection(SolutionProperties) = preSolution
		HideSolutionNode = FALSE
	EndGlobalSection
	GlobalSection(ExtensibilityGlobals) = postSolution
		SolutionGuid = {54950B7E-FD88-47DE-9D6B-C5FF99305814}
	EndGlobalSection
EndGlobal
